// !$*UTF8*$!
{
	archiveVersion = 1;
	classes = {
	};
	objectVersion = 50;
	objects = {

/* Begin PBXBuildFile section */
		C50693482506A4D00000FD73 /* QuoteView.swift in Sources */ = {isa = PBXBuildFile; fileRef = C50693472506A4D00000FD73 /* QuoteView.swift */; };
		C5AD0C65250694290050A863 /* AppDelegate.swift in Sources */ = {isa = PBXBuildFile; fileRef = C5AD0C64250694290050A863 /* AppDelegate.swift */; };
		C5AD0C67250694290050A863 /* SceneDelegate.swift in Sources */ = {isa = PBXBuildFile; fileRef = C5AD0C66250694290050A863 /* SceneDelegate.swift */; };
		C5AD0C69250694290050A863 /* ContentView.swift in Sources */ = {isa = PBXBuildFile; fileRef = C5AD0C68250694290050A863 /* ContentView.swift */; };
		C5AD0C6B2506942E0050A863 /* Assets.xcassets in Resources */ = {isa = PBXBuildFile; fileRef = C5AD0C6A2506942E0050A863 /* Assets.xcassets */; };
		C5AD0C6E2506942E0050A863 /* Preview Assets.xcassets in Resources */ = {isa = PBXBuildFile; fileRef = C5AD0C6D2506942E0050A863 /* Preview Assets.xcassets */; };
		C5AD0C712506942E0050A863 /* LaunchScreen.storyboard in Resources */ = {isa = PBXBuildFile; fileRef = C5AD0C6F2506942E0050A863 /* LaunchScreen.storyboard */; };
		C5AD0C7C2506942E0050A863 /* ButterfliesTests.swift in Sources */ = {isa = PBXBuildFile; fileRef = C5AD0C7B2506942E0050A863 /* ButterfliesTests.swift */; };
		C5AD0C872506942E0050A863 /* ButterfliesUITests.swift in Sources */ = {isa = PBXBuildFile; fileRef = C5AD0C862506942E0050A863 /* ButterfliesUITests.swift */; };
/* End PBXBuildFile section */

/* Begin PBXContainerItemProxy section */
		C5AD0C782506942E0050A863 /* PBXContainerItemProxy */ = {
			isa = PBXContainerItemProxy;
			containerPortal = C5AD0C59250694290050A863 /* Project object */;
			proxyType = 1;
			remoteGlobalIDString = C5AD0C60250694290050A863;
			remoteInfo = Butterflies;
		};
		C5AD0C832506942E0050A863 /* PBXContainerItemProxy */ = {
			isa = PBXContainerItemProxy;
			containerPortal = C5AD0C59250694290050A863 /* Project object */;
			proxyType = 1;
			remoteGlobalIDString = C5AD0C60250694290050A863;
			remoteInfo = Butterflies;
		};
/* End PBXContainerItemProxy section */

/* Begin PBXFileReference section */
		C50693472506A4D00000FD73 /* QuoteView.swift */ = {isa = PBXFileReference; lastKnownFileType = sourcecode.swift; path = QuoteView.swift; sourceTree = "<group>"; };
		C5AD0C61250694290050A863 /* Butterflies.app */ = {isa = PBXFileReference; explicitFileType = wrapper.application; includeInIndex = 0; path = Butterflies.app; sourceTree = BUILT_PRODUCTS_DIR; };
		C5AD0C64250694290050A863 /* AppDelegate.swift */ = {isa = PBXFileReference; lastKnownFileType = sourcecode.swift; path = AppDelegate.swift; sourceTree = "<group>"; };
		C5AD0C66250694290050A863 /* SceneDelegate.swift */ = {isa = PBXFileReference; lastKnownFileType = sourcecode.swift; path = SceneDelegate.swift; sourceTree = "<group>"; };
		C5AD0C68250694290050A863 /* ContentView.swift */ = {isa = PBXFileReference; lastKnownFileType = sourcecode.swift; path = ContentView.swift; sourceTree = "<group>"; };
		C5AD0C6A2506942E0050A863 /* Assets.xcassets */ = {isa = PBXFileReference; lastKnownFileType = folder.assetcatalog; path = Assets.xcassets; sourceTree = "<group>"; };
		C5AD0C6D2506942E0050A863 /* Preview Assets.xcassets */ = {isa = PBXFileReference; lastKnownFileType = folder.assetcatalog; path = "Preview Assets.xcassets"; sourceTree = "<group>"; };
		C5AD0C702506942E0050A863 /* Base */ = {isa = PBXFileReference; lastKnownFileType = file.storyboard; name = Base; path = Base.lproj/LaunchScreen.storyboard; sourceTree = "<group>"; };
		C5AD0C722506942E0050A863 /* Info.plist */ = {isa = PBXFileReference; lastKnownFileType = text.plist.xml; path = Info.plist; sourceTree = "<group>"; };
		C5AD0C772506942E0050A863 /* ButterfliesTests.xctest */ = {isa = PBXFileReference; explicitFileType = wrapper.cfbundle; includeInIndex = 0; path = ButterfliesTests.xctest; sourceTree = BUILT_PRODUCTS_DIR; };
		C5AD0C7B2506942E0050A863 /* ButterfliesTests.swift */ = {isa = PBXFileReference; lastKnownFileType = sourcecode.swift; path = ButterfliesTests.swift; sourceTree = "<group>"; };
		C5AD0C7D2506942E0050A863 /* Info.plist */ = {isa = PBXFileReference; lastKnownFileType = text.plist.xml; path = Info.plist; sourceTree = "<group>"; };
		C5AD0C822506942E0050A863 /* ButterfliesUITests.xctest */ = {isa = PBXFileReference; explicitFileType = wrapper.cfbundle; includeInIndex = 0; path = ButterfliesUITests.xctest; sourceTree = BUILT_PRODUCTS_DIR; };
		C5AD0C862506942E0050A863 /* ButterfliesUITests.swift */ = {isa = PBXFileReference; lastKnownFileType = sourcecode.swift; path = ButterfliesUITests.swift; sourceTree = "<group>"; };
		C5AD0C882506942E0050A863 /* Info.plist */ = {isa = PBXFileReference; lastKnownFileType = text.plist.xml; path = Info.plist; sourceTree = "<group>"; };
/* End PBXFileReference section */

/* Begin PBXFrameworksBuildPhase section */
		C5AD0C5E250694290050A863 /* Frameworks */ = {
			isa = PBXFrameworksBuildPhase;
			buildActionMask = 2147483647;
			files = (
			);
			runOnlyForDeploymentPostprocessing = 0;
		};
		C5AD0C742506942E0050A863 /* Frameworks */ = {
			isa = PBXFrameworksBuildPhase;
			buildActionMask = 2147483647;
			files = (
			);
			runOnlyForDeploymentPostprocessing = 0;
		};
		C5AD0C7F2506942E0050A863 /* Frameworks */ = {
			isa = PBXFrameworksBuildPhase;
			buildActionMask = 2147483647;
			files = (
			);
			runOnlyForDeploymentPostprocessing = 0;
		};
/* End PBXFrameworksBuildPhase section */

/* Begin PBXGroup section */
		C5AD0C58250694290050A863 = {
			isa = PBXGroup;
			children = (
				C5AD0C63250694290050A863 /* Butterflies */,
				C5AD0C7A2506942E0050A863 /* ButterfliesTests */,
				C5AD0C852506942E0050A863 /* ButterfliesUITests */,
				C5AD0C62250694290050A863 /* Products */,
			);
			sourceTree = "<group>";
		};
		C5AD0C62250694290050A863 /* Products */ = {
			isa = PBXGroup;
			children = (
				C5AD0C61250694290050A863 /* Butterflies.app */,
				C5AD0C772506942E0050A863 /* ButterfliesTests.xctest */,
				C5AD0C822506942E0050A863 /* ButterfliesUITests.xctest */,
			);
			name = Products;
			sourceTree = "<group>";
		};
		C5AD0C63250694290050A863 /* Butterflies */ = {
			isa = PBXGroup;
			children = (
				C5AD0C64250694290050A863 /* AppDelegate.swift */,
				C5AD0C66250694290050A863 /* SceneDelegate.swift */,
				C5AD0C68250694290050A863 /* ContentView.swift */,
				C5AD0C6A2506942E0050A863 /* Assets.xcassets */,
				C5AD0C6F2506942E0050A863 /* LaunchScreen.storyboard */,
				C5AD0C722506942E0050A863 /* Info.plist */,
				C5AD0C6C2506942E0050A863 /* Preview Content */,
				C50693472506A4D00000FD73 /* QuoteView.swift */,
			);
			path = Butterflies;
			sourceTree = "<group>";
		};
		C5AD0C6C2506942E0050A863 /* Preview Content */ = {
			isa = PBXGroup;
			children = (
				C5AD0C6D2506942E0050A863 /* Preview Assets.xcassets */,
			);
			path = "Preview Content";
			sourceTree = "<group>";
		};
		C5AD0C7A2506942E0050A863 /* ButterfliesTests */ = {
			isa = PBXGroup;
			children = (
				C5AD0C7B2506942E0050A863 /* ButterfliesTests.swift */,
				C5AD0C7D2506942E0050A863 /* Info.plist */,
			);
			path = ButterfliesTests;
			sourceTree = "<group>";
		};
		C5AD0C852506942E0050A863 /* ButterfliesUITests */ = {
			isa = PBXGroup;
			children = (
				C5AD0C862506942E0050A863 /* ButterfliesUITests.swift */,
				C5AD0C882506942E0050A863 /* Info.plist */,
			);
			path = ButterfliesUITests;
			sourceTree = "<group>";
		};
/* End PBXGroup section */

/* Begin PBXNativeTarget section */
		C5AD0C60250694290050A863 /* Butterflies */ = {
			isa = PBXNativeTarget;
			buildConfigurationList = C5AD0C8B2506942E0050A863 /* Build configuration list for PBXNativeTarget "Butterflies" */;
			buildPhases = (
				C5AD0C5D250694290050A863 /* Sources */,
				C5AD0C5E250694290050A863 /* Frameworks */,
				C5AD0C5F250694290050A863 /* Resources */,
			);
			buildRules = (
			);
			dependencies = (
			);
			name = Butterflies;
			productName = Butterflies;
			productReference = C5AD0C61250694290050A863 /* Butterflies.app */;
			productType = "com.apple.product-type.application";
		};
		C5AD0C762506942E0050A863 /* ButterfliesTests */ = {
			isa = PBXNativeTarget;
			buildConfigurationList = C5AD0C8E2506942E0050A863 /* Build configuration list for PBXNativeTarget "ButterfliesTests" */;
			buildPhases = (
				C5AD0C732506942E0050A863 /* Sources */,
				C5AD0C742506942E0050A863 /* Frameworks */,
				C5AD0C752506942E0050A863 /* Resources */,
			);
			buildRules = (
			);
			dependencies = (
				C5AD0C792506942E0050A863 /* PBXTargetDependency */,
			);
			name = ButterfliesTests;
			productName = ButterfliesTests;
			productReference = C5AD0C772506942E0050A863 /* ButterfliesTests.xctest */;
			productType = "com.apple.product-type.bundle.unit-test";
		};
		C5AD0C812506942E0050A863 /* ButterfliesUITests */ = {
			isa = PBXNativeTarget;
			buildConfigurationList = C5AD0C912506942E0050A863 /* Build configuration list for PBXNativeTarget "ButterfliesUITests" */;
			buildPhases = (
				C5AD0C7E2506942E0050A863 /* Sources */,
				C5AD0C7F2506942E0050A863 /* Frameworks */,
				C5AD0C802506942E0050A863 /* Resources */,
			);
			buildRules = (
			);
			dependencies = (
				C5AD0C842506942E0050A863 /* PBXTargetDependency */,
			);
			name = ButterfliesUITests;
			productName = ButterfliesUITests;
			productReference = C5AD0C822506942E0050A863 /* ButterfliesUITests.xctest */;
			productType = "com.apple.product-type.bundle.ui-testing";
		};
/* End PBXNativeTarget section */

/* Begin PBXProject section */
		C5AD0C59250694290050A863 /* Project object */ = {
			isa = PBXProject;
			attributes = {
				LastSwiftUpdateCheck = 1150;
				LastUpgradeCheck = 1150;
				ORGANIZATIONNAME = "Enya Xing";
				TargetAttributes = {
					C5AD0C60250694290050A863 = {
						CreatedOnToolsVersion = 11.5;
					};
					C5AD0C762506942E0050A863 = {
						CreatedOnToolsVersion = 11.5;
						TestTargetID = C5AD0C60250694290050A863;
					};
					C5AD0C812506942E0050A863 = {
						CreatedOnToolsVersion = 11.5;
						TestTargetID = C5AD0C60250694290050A863;
					};
				};
			};
			buildConfigurationList = C5AD0C5C250694290050A863 /* Build configuration list for PBXProject "Butterflies" */;
			compatibilityVersion = "Xcode 9.3";
			developmentRegion = en;
			hasScannedForEncodings = 0;
			knownRegions = (
				en,
				Base,
			);
			mainGroup = C5AD0C58250694290050A863;
			productRefGroup = C5AD0C62250694290050A863 /* Products */;
			projectDirPath = "";
			projectRoot = "";
			targets = (
				C5AD0C60250694290050A863 /* Butterflies */,
				C5AD0C762506942E0050A863 /* ButterfliesTests */,
				C5AD0C812506942E0050A863 /* ButterfliesUITests */,
			);
		};
/* End PBXProject section */

/* Begin PBXResourcesBuildPhase section */
		C5AD0C5F250694290050A863 /* Resources */ = {
			isa = PBXResourcesBuildPhase;
			buildActionMask = 2147483647;
			files = (
				C5AD0C712506942E0050A863 /* LaunchScreen.storyboard in Resources */,
				C5AD0C6E2506942E0050A863 /* Preview Assets.xcassets in Resources */,
				C5AD0C6B2506942E0050A863 /* Assets.xcassets in Resources */,
			);
			runOnlyForDeploymentPostprocessing = 0;
		};
		C5AD0C752506942E0050A863 /* Resources */ = {
			isa = PBXResourcesBuildPhase;
			buildActionMask = 2147483647;
			files = (
			);
			runOnlyForDeploymentPostprocessing = 0;
		};
		C5AD0C802506942E0050A863 /* Resources */ = {
			isa = PBXResourcesBuildPhase;
			buildActionMask = 2147483647;
			files = (
			);
			runOnlyForDeploymentPostprocessing = 0;
		};
/* End PBXResourcesBuildPhase section */

/* Begin PBXSourcesBuildPhase section */
		C5AD0C5D250694290050A863 /* Sources */ = {
			isa = PBXSourcesBuildPhase;
			buildActionMask = 2147483647;
			files = (
				C50693482506A4D00000FD73 /* QuoteView.swift in Sources */,
				C5AD0C65250694290050A863 /* AppDelegate.swift in Sources */,
				C5AD0C67250694290050A863 /* SceneDelegate.swift in Sources */,
				C5AD0C69250694290050A863 /* ContentView.swift in Sources */,
			);
			runOnlyForDeploymentPostprocessing = 0;
		};
		C5AD0C732506942E0050A863 /* Sources */ = {
			isa = PBXSourcesBuildPhase;
			buildActionMask = 2147483647;
			files = (
				C5AD0C7C2506942E0050A863 /* ButterfliesTests.swift in Sources */,
			);
			runOnlyForDeploymentPostprocessing = 0;
		};
		C5AD0C7E2506942E0050A863 /* Sources */ = {
			isa = PBXSourcesBuildPhase;
			buildActionMask = 2147483647;
			files = (
				C5AD0C872506942E0050A863 /* ButterfliesUITests.swift in Sources */,
			);
			runOnlyForDeploymentPostprocessing = 0;
		};
/* End PBXSourcesBuildPhase section */

/* Begin PBXTargetDependency section */
		C5AD0C792506942E0050A863 /* PBXTargetDependency */ = {
			isa = PBXTargetDependency;
			target = C5AD0C60250694290050A863 /* Butterflies */;
			targetProxy = C5AD0C782506942E0050A863 /* PBXContainerItemProxy */;
		};
		C5AD0C842506942E0050A863 /* PBXTargetDependency */ = {
			isa = PBXTargetDependency;
			target = C5AD0C60250694290050A863 /* Butterflies */;
			targetProxy = C5AD0C832506942E0050A863 /* PBXContainerItemProxy */;
		};
/* End PBXTargetDependency section */

/* Begin PBXVariantGroup section */
		C5AD0C6F2506942E0050A863 /* LaunchScreen.storyboard */ = {
			isa = PBXVariantGroup;
			children = (
				C5AD0C702506942E0050A863 /* Base */,
			);
			name = LaunchScreen.storyboard;
			sourceTree = "<group>";
		};
/* End PBXVariantGroup section */

/* Begin XCBuildConfiguration section */
		C5AD0C892506942E0050A863 /* Debug */ = {
			isa = XCBuildConfiguration;
			buildSettings = {
				ALWAYS_SEARCH_USER_PATHS = NO;
				CLANG_ANALYZER_NONNULL = YES;
				CLANG_ANALYZER_NUMBER_OBJECT_CONVERSION = YES_AGGRESSIVE;
				CLANG_CXX_LANGUAGE_STANDARD = "gnu++14";
				CLANG_CXX_LIBRARY = "libc++";
				CLANG_ENABLE_MODULES = YES;
				CLANG_ENABLE_OBJC_ARC = YES;
				CLANG_ENABLE_OBJC_WEAK = YES;
				CLANG_WARN_BLOCK_CAPTURE_AUTORELEASING = YES;
				CLANG_WARN_BOOL_CONVERSION = YES;
				CLANG_WARN_COMMA = YES;
				CLANG_WARN_CONSTANT_CONVERSION = YES;
				CLANG_WARN_DEPRECATED_OBJC_IMPLEMENTATIONS = YES;
				CLANG_WARN_DIRECT_OBJC_ISA_USAGE = YES_ERROR;
				CLANG_WARN_DOCUMENTATION_COMMENTS = YES;
				CLANG_WARN_EMPTY_BODY = YES;
				CLANG_WARN_ENUM_CONVERSION = YES;
				CLANG_WARN_INFINITE_RECURSION = YES;
				CLANG_WARN_INT_CONVERSION = YES;
				CLANG_WARN_NON_LITERAL_NULL_CONVERSION = YES;
				CLANG_WARN_OBJC_IMPLICIT_RETAIN_SELF = YES;
				CLANG_WARN_OBJC_LITERAL_CONVERSION = YES;
				CLANG_WARN_OBJC_ROOT_CLASS = YES_ERROR;
				CLANG_WARN_RANGE_LOOP_ANALYSIS = YES;
				CLANG_WARN_STRICT_PROTOTYPES = YES;
				CLANG_WARN_SUSPICIOUS_MOVE = YES;
				CLANG_WARN_UNGUARDED_AVAILABILITY = YES_AGGRESSIVE;
				CLANG_WARN_UNREACHABLE_CODE = YES;
				CLANG_WARN__DUPLICATE_METHOD_MATCH = YES;
				COPY_PHASE_STRIP = NO;
				DEBUG_INFORMATION_FORMAT = dwarf;
				ENABLE_STRICT_OBJC_MSGSEND = YES;
				ENABLE_TESTABILITY = YES;
				GCC_C_LANGUAGE_STANDARD = gnu11;
				GCC_DYNAMIC_NO_PIC = NO;
				GCC_NO_COMMON_BLOCKS = YES;
				GCC_OPTIMIZATION_LEVEL = 0;
				GCC_PREPROCESSOR_DEFINITIONS = (
					"DEBUG=1",
					"$(inherited)",
				);
				GCC_WARN_64_TO_32_BIT_CONVERSION = YES;
				GCC_WARN_ABOUT_RETURN_TYPE = YES_ERROR;
				GCC_WARN_UNDECLARED_SELECTOR = YES;
				GCC_WARN_UNINITIALIZED_AUTOS = YES_AGGRESSIVE;
				GCC_WARN_UNUSED_FUNCTION = YES;
				GCC_WARN_UNUSED_VARIABLE = YES;
				IPHONEOS_DEPLOYMENT_TARGET = 13.5;
				MTL_ENABLE_DEBUG_INFO = INCLUDE_SOURCE;
				MTL_FAST_MATH = YES;
				ONLY_ACTIVE_ARCH = YES;
				SDKROOT = iphoneos;
				SWIFT_ACTIVE_COMPILATION_CONDITIONS = DEBUG;
				SWIFT_OPTIMIZATION_LEVEL = "-Onone";
			};
			name = Debug;
		};
		C5AD0C8A2506942E0050A863 /* Release */ = {
			isa = XCBuildConfiguration;
			buildSettings = {
				ALWAYS_SEARCH_USER_PATHS = NO;
				CLANG_ANALYZER_NONNULL = YES;
				CLANG_ANALYZER_NUMBER_OBJECT_CONVERSION = YES_AGGRESSIVE;
				CLANG_CXX_LANGUAGE_STANDARD = "gnu++14";
				CLANG_CXX_LIBRARY = "libc++";
				CLANG_ENABLE_MODULES = YES;
				CLANG_ENABLE_OBJC_ARC = YES;
				CLANG_ENABLE_OBJC_WEAK = YES;
				CLANG_WARN_BLOCK_CAPTURE_AUTORELEASING = YES;
				CLANG_WARN_BOOL_CONVERSION = YES;
				CLANG_WARN_COMMA = YES;
				CLANG_WARN_CONSTANT_CONVERSION = YES;
				CLANG_WARN_DEPRECATED_OBJC_IMPLEMENTATIONS = YES;
				CLANG_WARN_DIRECT_OBJC_ISA_USAGE = YES_ERROR;
				CLANG_WARN_DOCUMENTATION_COMMENTS = YES;
				CLANG_WARN_EMPTY_BODY = YES;
				CLANG_WARN_ENUM_CONVERSION = YES;
				CLANG_WARN_INFINITE_RECURSION = YES;
				CLANG_WARN_INT_CONVERSION = YES;
				CLANG_WARN_NON_LITERAL_NULL_CONVERSION = YES;
				CLANG_WARN_OBJC_IMPLICIT_RETAIN_SELF = YES;
				CLANG_WARN_OBJC_LITERAL_CONVERSION = YES;
				CLANG_WARN_OBJC_ROOT_CLASS = YES_ERROR;
				CLANG_WARN_RANGE_LOOP_ANALYSIS = YES;
				CLANG_WARN_STRICT_PROTOTYPES = YES;
				CLANG_WARN_SUSPICIOUS_MOVE = YES;
				CLANG_WARN_UNGUARDED_AVAILABILITY = YES_AGGRESSIVE;
				CLANG_WARN_UNREACHABLE_CODE = YES;
				CLANG_WARN__DUPLICATE_METHOD_MATCH = YES;
				COPY_PHASE_STRIP = NO;
				DEBUG_INFORMATION_FORMAT = "dwarf-with-dsym";
				ENABLE_NS_ASSERTIONS = NO;
				ENABLE_STRICT_OBJC_MSGSEND = YES;
				GCC_C_LANGUAGE_STANDARD = gnu11;
				GCC_NO_COMMON_BLOCKS = YES;
				GCC_WARN_64_TO_32_BIT_CONVERSION = YES;
				GCC_WARN_ABOUT_RETURN_TYPE = YES_ERROR;
				GCC_WARN_UNDECLARED_SELECTOR = YES;
				GCC_WARN_UNINITIALIZED_AUTOS = YES_AGGRESSIVE;
				GCC_WARN_UNUSED_FUNCTION = YES;
				GCC_WARN_UNUSED_VARIABLE = YES;
				IPHONEOS_DEPLOYMENT_TARGET = 13.5;
				MTL_ENABLE_DEBUG_INFO = NO;
				MTL_FAST_MATH = YES;
				SDKROOT = iphoneos;
				SWIFT_COMPILATION_MODE = wholemodule;
				SWIFT_OPTIMIZATION_LEVEL = "-O";
				VALIDATE_PRODUCT = YES;
			};
			name = Release;
		};
		C5AD0C8C2506942E0050A863 /* Debug */ = {
			isa = XCBuildConfiguration;
			buildSettings = {
				ASSETCATALOG_COMPILER_APPICON_NAME = AppIcon;
				CODE_SIGN_STYLE = Automatic;
				DEVELOPMENT_ASSET_PATHS = "\"Butterflies/Preview Content\"";
				DEVELOPMENT_TEAM = NT6WD95XKF;
				ENABLE_PREVIEWS = YES;
				INFOPLIST_FILE = Butterflies/Info.plist;
				LD_RUNPATH_SEARCH_PATHS = (
					"$(inherited)",
					"@executable_path/Frameworks",
				);
				PRODUCT_BUNDLE_IDENTIFIER = com.example.enya.Butterflies;
				PRODUCT_NAME = "$(TARGET_NAME)";
				SWIFT_VERSION = 5.0;
				TARGETED_DEVICE_FAMILY = "1,2";
			};
			name = Debug;
		};
		C5AD0C8D2506942E0050A863 /* Release */ = {
			isa = XCBuildConfiguration;
			buildSettings = {
				ASSETCATALOG_COMPILER_APPICON_NAME = AppIcon;
				CODE_SIGN_STYLE = Automatic;
				DEVELOPMENT_ASSET_PATHS = "\"Butterflies/Preview Content\"";
				DEVELOPMENT_TEAM = NT6WD95XKF;
				ENABLE_PREVIEWS = YES;
				INFOPLIST_FILE = Butterflies/Info.plist;
				LD_RUNPATH_SEARCH_PATHS = (
					"$(inherited)",
					"@executable_path/Frameworks",
				);
				PRODUCT_BUNDLE_IDENTIFIER = com.example.enya.Butterflies;
				PRODUCT_NAME = "$(TARGET_NAME)";
				SWIFT_VERSION = 5.0;
				TARGETED_DEVICE_FAMILY = "1,2";
			};
			name = Release;
		};
		C5AD0C8F2506942E0050A863 /* Debug */ = {
			isa = XCBuildConfiguration;
			buildSettings = {
				ALWAYS_EMBED_SWIFT_STANDARD_LIBRARIES = YES;
				BUNDLE_LOADER = "$(TEST_HOST)";
				CODE_SIGN_STYLE = Automatic;
				DEVELOPMENT_TEAM = NT6WD95XKF;
				INFOPLIST_FILE = ButterfliesTests/Info.plist;
				IPHONEOS_DEPLOYMENT_TARGET = 13.5;
				LD_RUNPATH_SEARCH_PATHS = (
					"$(inherited)",
					"@executable_path/Frameworks",
					"@loader_path/Frameworks",
				);
				PRODUCT_BUNDLE_IDENTIFIER = com.example.enya.ButterfliesTests;
				PRODUCT_NAME = "$(TARGET_NAME)";
				SWIFT_VERSION = 5.0;
				TARGETED_DEVICE_FAMILY = "1,2";
				TEST_HOST = "$(BUILT_PRODUCTS_DIR)/Butterflies.app/Butterflies";
			};
			name = Debug;
		};
		C5AD0C902506942E0050A863 /* Release */ = {
			isa = XCBuildConfiguration;
			buildSettings = {
				ALWAYS_EMBED_SWIFT_STANDARD_LIBRARIES = YES;
				BUNDLE_LOADER = "$(TEST_HOST)";
				CODE_SIGN_STYLE = Automatic;
				DEVELOPMENT_TEAM = NT6WD95XKF;
				INFOPLIST_FILE = ButterfliesTests/Info.plist;
				IPHONEOS_DEPLOYMENT_TARGET = 13.5;
				LD_RUNPATH_SEARCH_PATHS = (
					"$(inherited)",
					"@executable_path/Frameworks",
					"@loader_path/Frameworks",
				);
				PRODUCT_BUNDLE_IDENTIFIER = com.example.enya.ButterfliesTests;
				PRODUCT_NAME = "$(TARGET_NAME)";
				SWIFT_VERSION = 5.0;
				TARGETED_DEVICE_FAMILY = "1,2";
				TEST_HOST = "$(BUILT_PRODUCTS_DIR)/Butterflies.app/Butterflies";
			};
			name = Release;
		};
		C5AD0C922506942E0050A863 /* Debug */ = {
			isa = XCBuildConfiguration;
			buildSettings = {
				ALWAYS_EMBED_SWIFT_STANDARD_LIBRARIES = YES;
				CODE_SIGN_STYLE = Automatic;
				DEVELOPMENT_TEAM = NT6WD95XKF;
				INFOPLIST_FILE = ButterfliesUITests/Info.plist;
				LD_RUNPATH_SEARCH_PATHS = (
					"$(inherited)",
					"@executable_path/Frameworks",
					"@loader_path/Frameworks",
				);
				PRODUCT_BUNDLE_IDENTIFIER = com.example.enya.ButterfliesUITests;
				PRODUCT_NAME = "$(TARGET_NAME)";
				SWIFT_VERSION = 5.0;
				TARGETED_DEVICE_FAMILY = "1,2";
				TEST_TARGET_NAME = Butterflies;
			};
			name = Debug;
		};
		C5AD0C932506942E0050A863 /* Release */ = {
			isa = XCBuildConfiguration;
			buildSettings = {
				ALWAYS_EMBED_SWIFT_STANDARD_LIBRARIES = YES;
				CODE_SIGN_STYLE = Automatic;
				DEVELOPMENT_TEAM = NT6WD95XKF;
				INFOPLIST_FILE = ButterfliesUITests/Info.plist;
				LD_RUNPATH_SEARCH_PATHS = (
					"$(inherited)",
					"@executable_path/Frameworks",
					"@loader_path/Frameworks",
				);
				PRODUCT_BUNDLE_IDENTIFIER = com.example.enya.ButterfliesUITests;
				PRODUCT_NAME = "$(TARGET_NAME)";
				SWIFT_VERSION = 5.0;
				TARGETED_DEVICE_FAMILY = "1,2";
				TEST_TARGET_NAME = Butterflies;
			};
			name = Release;
		};
/* End XCBuildConfiguration section */

/* Begin XCConfigurationList section */
		C5AD0C5C250694290050A863 /* Build configuration list for PBXProject "Butterflies" */ = {
			isa = XCConfigurationList;
			buildConfigurations = (
				C5AD0C892506942E0050A863 /* Debug */,
				C5AD0C8A2506942E0050A863 /* Release */,
			);
			defaultConfigurationIsVisible = 0;
			defaultConfigurationName = Release;
		};
		C5AD0C8B2506942E0050A863 /* Build configuration list for PBXNativeTarget "Butterflies" */ = {
			isa = XCConfigurationList;
			buildConfigurations = (
				C5AD0C8C2506942E0050A863 /* Debug */,
				C5AD0C8D2506942E0050A863 /* Release */,
			);
			defaultConfigurationIsVisible = 0;
			defaultConfigurationName = Release;
		};
		C5AD0C8E2506942E0050A863 /* Build configuration list for PBXNativeTarget "ButterfliesTests" */ = {
			isa = XCConfigurationList;
			buildConfigurations = (
				C5AD0C8F2506942E0050A863 /* Debug */,
				C5AD0C902506942E0050A863 /* Release */,
			);
			defaultConfigurationIsVisible = 0;
			defaultConfigurationName = Release;
		};
		C5AD0C912506942E0050A863 /* Build configuration list for PBXNativeTarget "ButterfliesUITests" */ = {
			isa = XCConfigurationList;
			buildConfigurations = (
				C5AD0C922506942E0050A863 /* Debug */,
				C5AD0C932506942E0050A863 /* Release */,
			);
			defaultConfigurationIsVisible = 0;
			defaultConfigurationName = Release;
		};
/* End XCConfigurationList section */
	};
	rootObject = C5AD0C59250694290050A863 /* Project object */;
}
